
Microsoft Visual Studio Solution File, Format Version 12.00
# Visual Studio Version 16
VisualStudioVersion = 16.0.808.7
MinimumVisualStudioVersion = 10.0.40219.1
Project("{FAE04EC0-301F-11D3-BF4B-00C04F79EFBC}") = "Par_Impar", "Par_Impar\Par_Impar.csproj", "{AC44B73E-C6E0-4A3A-A178-2AA3A8543993}"
EndProject
Global
	GlobalSection(SolutionConfigurationPlatforms) = preSolution
		Debug|Any CPU = Debug|Any CPU
		Release|Any CPU = Release|Any CPU
	EndGlobalSection
	GlobalSection(ProjectConfigurationPlatforms) = postSolution
		{AC44B73E-C6E0-4A3A-A178-2AA3A8543993}.Debug|Any CPU.ActiveCfg = Debug|Any CPU
		{AC44B73E-C6E0-4A3A-A178-2AA3A8543993}.Debug|Any CPU.Build.0 = Debug|Any CPU
		{AC44B73E-C6E0-4A3A-A178-2AA3A8543993}.Release|Any CPU.ActiveCfg = Release|Any CPU
		{AC44B73E-C6E0-4A3A-A178-2AA3A8543993}.Release|Any CPU.Build.0 = Release|Any CPU
	EndGlobalSection
	GlobalSection(SolutionProperties) = preSolution
		HideSolutionNode = FALSE
	EndGlobalSection
	GlobalSection(ExtensibilityGlobals) = postSolution
		SolutionGuid = {5BCDA856-4AD8-45B0-BE1D-221550287A01}
	EndGlobalSection
EndGlobal
