
Microsoft Visual Studio Solution File, Format Version 12.00
# Visual Studio Version 16
VisualStudioVersion = 16.0.808.7
MinimumVisualStudioVersion = 10.0.40219.1
Project("{FAE04EC0-301F-11D3-BF4B-00C04F79EFBC}") = "Area", "Area\Area.csproj", "{6CDA489E-7AFB-4C0A-A447-CD96DC4CEBE4}"
EndProject
Global
	GlobalSection(SolutionConfigurationPlatforms) = preSolution
		Debug|Any CPU = Debug|Any CPU
		Release|Any CPU = Release|Any CPU
	EndGlobalSection
	GlobalSection(ProjectConfigurationPlatforms) = postSolution
		{6CDA489E-7AFB-4C0A-A447-CD96DC4CEBE4}.Debug|Any CPU.ActiveCfg = Debug|Any CPU
		{6CDA489E-7AFB-4C0A-A447-CD96DC4CEBE4}.Debug|Any CPU.Build.0 = Debug|Any CPU
		{6CDA489E-7AFB-4C0A-A447-CD96DC4CEBE4}.Release|Any CPU.ActiveCfg = Release|Any CPU
		{6CDA489E-7AFB-4C0A-A447-CD96DC4CEBE4}.Release|Any CPU.Build.0 = Release|Any CPU
	EndGlobalSection
	GlobalSection(SolutionProperties) = preSolution
		HideSolutionNode = FALSE
	EndGlobalSection
	GlobalSection(ExtensibilityGlobals) = postSolution
		SolutionGuid = {7BBBBEB0-9B3B-48B9-AD6B-DE9ABD9E00C1}
	EndGlobalSection
EndGlobal
